{
  "version": "3",
  "remote": {
    "https://deno.land/std@0.203.0/assert/_constants.ts": "8a9da298c26750b28b326b297316cdde860bc237533b07e1337c021379e6b2a9",
    "https://deno.land/std@0.203.0/assert/_diff.ts": "1a3c044aedf77647d6cac86b798c6417603361b66b54c53331b312caeb447aea",
    "https://deno.land/std@0.203.0/assert/_format.ts": "a69126e8a469009adf4cf2a50af889aca364c349797e63174884a52ff75cf4c7",
    "https://deno.land/std@0.203.0/assert/assert.ts": "9a97dad6d98c238938e7540736b826440ad8c1c1e54430ca4c4e623e585607ee",
    "https://deno.land/std@0.203.0/assert/assert_array_includes.ts": "6856d7f2c3544bc6e62fb4646dfefa3d1df5ff14744d1bca19f0cbaf3b0d66c9",
    "https://deno.land/std@0.203.0/assert/assert_equals.ts": "d8ec8a22447fbaf2fc9d7c3ed2e66790fdb74beae3e482855d75782218d68227",
    "https://deno.land/std@0.203.0/assert/assert_is_error.ts": "c21113094a51a296ffaf036767d616a78a2ae5f9f7bbd464cd0197476498b94b",
    "https://deno.land/std@0.203.0/assert/assert_throws.ts": "63784e951475cb7bdfd59878cd25a0931e18f6dc32a6077c454b2cd94f4f4bcd",
    "https://deno.land/std@0.203.0/assert/assertion_error.ts": "4d0bde9b374dfbcbe8ac23f54f567b77024fb67dbb1906a852d67fe050d42f56",
    "https://deno.land/std@0.203.0/assert/equal.ts": "9f1a46d5993966d2596c44e5858eec821859b45f783a5ee2f7a695dfc12d8ece",
    "https://deno.land/std@0.203.0/async/delay.ts": "a6142eb44cdd856b645086af2b811b1fcce08ec06bb7d50969e6a872ee9b8659",
    "https://deno.land/std@0.203.0/fmt/colors.ts": "c51c4642678eb690dcf5ffee5918b675bf01a33fba82acf303701ae1a4f8c8d9",
    "https://deno.land/std@0.203.0/http/server.ts": "1b2403b3c544c0624ad23e8ca4e05877e65380d9e0d75d04957432d65c3d5f41",
    "https://raw.githubusercontent.com/sgohlke/deno-web/7.0.0/deps.ts": "eb8f09ee4d48d2c9423f284d66d347fa676cccf612d694db77a2977699e896cc",
    "https://raw.githubusercontent.com/sgohlke/deno-web/7.0.0/request/extractAccessTokenFromAuthHeader.ts": "c98cb9067fb76e58c6b4b745badbee9761ab90fb2ecf8eac18299f83db9e583c",
    "https://raw.githubusercontent.com/sgohlke/deno-web/7.0.0/response/ResponseHeaders.ts": "fdddfe3f682247d504107c63ef4bd5179127210f97c5d1979ff876ee4cc28db2",
    "https://raw.githubusercontent.com/sgohlke/deno-web/7.0.0/response/responseFunctions.ts": "7811620ebf8791d5d97ce7096d4e6621ee1ea1b9844d84a756e7b31b0c74e4f6",
    "https://raw.githubusercontent.com/sgohlke/deno-web/7.0.0/server/serverFunctions.ts": "3fe637a230dc27508d3679e8b7d4df855152c05d4693ac7786bf9b8bfd8b7d40",
    "https://raw.githubusercontent.com/sgohlke/rpg-ts-kv/v0.1.0/src/index.ts": "b0e5b0a36231c02818baeec5af3524e32dd493002f9d8582b96506ffc239d3dc",
    "https://raw.githubusercontent.com/sgohlke/rpg-ts-kv/v0.1.0/src/player/KVPlayerDataStore.ts": "441a490ffb1fc7ac7a7978280f4b067d773f8255312b5322f6086a193cc14154",
    "https://raw.githubusercontent.com/sgohlke/rpg-ts/v0.9.1/src/battle/Battle.ts": "fc6bd3818b6aeb7dc938c6c19b316c884623d0e1473a97f274893e66e83058a6",
    "https://raw.githubusercontent.com/sgohlke/rpg-ts/v0.9.1/src/battle/BattleStatus.ts": "f1e0c1ce294ea463ebda4027d9ec76d00df18c32acc6b6bbe5d60503d2329dbc",
    "https://raw.githubusercontent.com/sgohlke/rpg-ts/v0.9.1/src/crypto/CryptoHelper.ts": "3be74190d28f710591789a5e23321de233b77416ae112724ba7d6adca27fca48",
    "https://raw.githubusercontent.com/sgohlke/rpg-ts/v0.9.1/src/error/GeneralError.ts": "1bee59bc1a53da68822eb9fc51861f1e68f0269724ab3f93fc52ddb51ee4fdee",
    "https://raw.githubusercontent.com/sgohlke/rpg-ts/v0.9.1/src/game/PlayerAgainstAIGame.ts": "6596c51ddbde0b506db245bde0c451bc26627308e6ce94ce7209670f6c3f3b48",
    "https://raw.githubusercontent.com/sgohlke/rpg-ts/v0.9.1/src/index.ts": "42764dcf58981b3bdcdf067ddec411f0c42a3c26a99f241df9690458e49f3eb6",
    "https://raw.githubusercontent.com/sgohlke/rpg-ts/v0.9.1/src/player/CounterAttackFunction.ts": "8b9c5c6b21ab273730534b374beac8a9987aca0dfc8dec298f166bbd0cc3bc61",
    "https://raw.githubusercontent.com/sgohlke/rpg-ts/v0.9.1/src/player/CounterAttackUnits.ts": "10db9ad4ff5a04a8fe2bd9ba459941fc7fbcbe6782275b0d218dfe4aa5698e3e",
    "https://raw.githubusercontent.com/sgohlke/rpg-ts/v0.9.1/src/player/GamePlayer.ts": "b47bf59ce435dadcfe5af754276d4b384a16d0f3feb1942786505f9acec472c3",
    "https://raw.githubusercontent.com/sgohlke/rpg-ts/v0.9.1/src/player/InMemoryPlayerDataStore.ts": "c9c9fdc66dd8554c47e97bbf896dc34a04c81cb2cb2298d16f283fb21dfde706",
    "https://raw.githubusercontent.com/sgohlke/rpg-ts/v0.9.1/src/player/LoggedInPlayer.ts": "6ab543368ca2d64ce4334f82380f63b250c0a86f19cc517baabf52c26fe35849",
    "https://raw.githubusercontent.com/sgohlke/rpg-ts/v0.9.1/src/player/PlayerInBattle.ts": "d44049ee73a991dc1ca113d735cc389a68cc016f9b1c30b4d95ee5804e56d13d",
    "https://raw.githubusercontent.com/sgohlke/rpg-ts/v0.9.1/src/unit/InBattleStatus.ts": "d59092ad65312e6a5034ad4aa362c53cd153eb4dd868f39ece7183846c6912a1",
    "https://raw.githubusercontent.com/sgohlke/rpg-ts/v0.9.1/src/unit/UnitInBattle.ts": "b65c1bd6602e956ab0cdad925921c04db22bc20622948873f398294624f20ff1",
    "https://raw.githubusercontent.com/sgohlke/rpg-ts/v0.9.1/src/unit/db/DefaultUnits.ts": "71ad8bafef91745389b307fd2bf3b8258be9b2f11e70556a3b9dfd95d35158fb"
  }
}
