{
  "version": "2",
  "remote": {
    "https://deno.land/std@0.177.0/async/abortable.ts": "73acfb3ed7261ce0d930dbe89e43db8d34e017b063cf0eaa7d215477bf53442e",
    "https://deno.land/std@0.177.0/async/deadline.ts": "c5facb0b404eede83e38bd2717ea8ab34faa2ffb20ef87fd261fcba32ba307aa",
    "https://deno.land/std@0.177.0/async/debounce.ts": "adab11d04ca38d699444ac8a9d9856b4155e8dda2afd07ce78276c01ea5a4332",
    "https://deno.land/std@0.177.0/async/deferred.ts": "42790112f36a75a57db4a96d33974a936deb7b04d25c6084a9fa8a49f135def8",
    "https://deno.land/std@0.177.0/async/delay.ts": "73aa04cec034c84fc748c7be49bb15cac3dd43a57174bfdb7a4aec22c248f0dd",
    "https://deno.land/std@0.177.0/async/mod.ts": "f04344fa21738e5ad6bea37a6bfffd57c617c2d372bb9f9dcfd118a1b622e576",
    "https://deno.land/std@0.177.0/async/mux_async_iterator.ts": "70c7f2ee4e9466161350473ad61cac0b9f115cff4c552eaa7ef9d50c4cbb4cc9",
    "https://deno.land/std@0.177.0/async/pool.ts": "fd082bd4aaf26445909889435a5c74334c017847842ec035739b4ae637ae8260",
    "https://deno.land/std@0.177.0/async/retry.ts": "5efa3ba450ac0c07a40a82e2df296287b5013755d232049efd7ea2244f15b20f",
    "https://deno.land/std@0.177.0/async/tee.ts": "47e42d35f622650b02234d43803d0383a89eb4387e1b83b5a40106d18ae36757",
    "https://deno.land/std@0.177.0/fmt/colors.ts": "938c5d44d889fb82eff6c358bea8baa7e85950a16c9f6dae3ec3a7a729164471",
    "https://deno.land/std@0.177.0/http/server.ts": "cbb17b594651215ba95c01a395700684e569c165a567e4e04bba327f41197433",
    "https://deno.land/std@0.177.0/testing/_diff.ts": "1a3c044aedf77647d6cac86b798c6417603361b66b54c53331b312caeb447aea",
    "https://deno.land/std@0.177.0/testing/_format.ts": "a69126e8a469009adf4cf2a50af889aca364c349797e63174884a52ff75cf4c7",
    "https://deno.land/std@0.177.0/testing/asserts.ts": "984ab0bfb3faeed92ffaa3a6b06536c66811185328c5dd146257c702c41b01ab",
    "https://raw.githubusercontent.com/sgohlke/rpg-ts/v0.5.2/src/battle/Battle.ts": "0b83561370cfa5bbb3d9a448c52142fad64c33d6a2ee4fecf236923600dcb260",
    "https://raw.githubusercontent.com/sgohlke/rpg-ts/v0.5.2/src/battle/BattleStatus.ts": "f1e0c1ce294ea463ebda4027d9ec76d00df18c32acc6b6bbe5d60503d2329dbc",
    "https://raw.githubusercontent.com/sgohlke/rpg-ts/v0.5.2/src/crypto/CryptoHelper.ts": "0957d76c774b5ff8aa7d12da50ea5687a6104347d74d192087511915f30bfa72",
    "https://raw.githubusercontent.com/sgohlke/rpg-ts/v0.5.2/src/deps.ts": "59816314044efadd9a5fd5f294b5192715e49f760b11a0ea7dd7d7cf22d068e2",
    "https://raw.githubusercontent.com/sgohlke/rpg-ts/v0.5.2/src/game/PlayerAgainstAIGame.ts": "5c28cd8ba64cfef96d21823a3a29d13ab010ea243cd4a937d34d07133cfefe22",
    "https://raw.githubusercontent.com/sgohlke/rpg-ts/v0.5.2/src/index.ts": "cc18aad202ad6c93c43bb2bd1229daf540940b2f4bf4b600532d2af5545bd77d",
    "https://raw.githubusercontent.com/sgohlke/rpg-ts/v0.5.2/src/player/CounterAttackFunction.ts": "ec05765aaeaaf92b98ace0f01fd1e53843a461cc67cdebddd4a3ab0398687f68",
    "https://raw.githubusercontent.com/sgohlke/rpg-ts/v0.5.2/src/player/CounterAttackUnits.ts": "63f1c94114602d5a46cc25a2f5117f47fd58bec1dca5ee2f87217bcd0f8b98dd",
    "https://raw.githubusercontent.com/sgohlke/rpg-ts/v0.5.2/src/player/GamePlayer.ts": "fd92ca5f5eb526b8ac3a233adf64d469795d6c85ec332ef0c02e4f47fd65874e",
    "https://raw.githubusercontent.com/sgohlke/rpg-ts/v0.5.2/src/player/LoggedInPlayer.ts": "9d6560fd1d91ce1437284075cc39c78fa1756e3c27f7d27655c094837682ec2c",
    "https://raw.githubusercontent.com/sgohlke/rpg-ts/v0.5.2/src/player/Player.ts": "68c2efa3ccdf69ffce557bfb08d88f5c817b83a3f0b852f3d1ffb7b87d63bab4",
    "https://raw.githubusercontent.com/sgohlke/rpg-ts/v0.5.2/src/player/PlayerAccount.ts": "62b40d47c937124f1deae5f3a8a1b78941b1b3079fa55b35b8afb60946f95663",
    "https://raw.githubusercontent.com/sgohlke/rpg-ts/v0.5.2/src/player/PlayerInBattle.ts": "217a3f103e0fe40cb164e7228d153f4a952ac6c7d8a9ef423a4e3430ba9f5fba",
    "https://raw.githubusercontent.com/sgohlke/rpg-ts/v0.5.2/src/unit/InBattleStatus.ts": "b375f804c9cb04f4363d6d6d589c5005c65c02d291a766bbbd328dd3cbbc2dea",
    "https://raw.githubusercontent.com/sgohlke/rpg-ts/v0.5.2/src/unit/Status.ts": "e6cbfdc390823850011b2d143981632c4537574d06cc0dc1a62392bd29f80739",
    "https://raw.githubusercontent.com/sgohlke/rpg-ts/v0.5.2/src/unit/Unit.ts": "77aa158b046278bd667785d786f40aaa12bf4b439a763fe6733ec99040894049",
    "https://raw.githubusercontent.com/sgohlke/rpg-ts/v0.5.2/src/unit/UnitInBattle.ts": "e82da2941d7346ab794c3a9156e121bfc82557dd40107c1ff61b4a31afcc14f5",
    "https://raw.githubusercontent.com/sgohlke/rpg-ts/v0.5.2/src/unit/db/DefaultUnits.ts": "a492ea305abcb6ff9da1d1ae76d75788357ff589cbaf71508f5c6c4207ebdef7"
  }
}
