{
  "version": "2",
  "remote": {
    "https://deno.land/std@0.193.0/_util/asserts.ts": "178dfc49a464aee693a7e285567b3d0b555dc805ff490505a8aae34f9cfb1462",
    "https://deno.land/std@0.193.0/async/abortable.ts": "fd682fa46f3b7b16b4606a5ab52a7ce309434b76f820d3221bdfb862719a15d7",
    "https://deno.land/std@0.193.0/async/deadline.ts": "58f72a3cc0fcb731b2cc055ba046f4b5be3349ff6bf98f2e793c3b969354aab2",
    "https://deno.land/std@0.193.0/async/debounce.ts": "adab11d04ca38d699444ac8a9d9856b4155e8dda2afd07ce78276c01ea5a4332",
    "https://deno.land/std@0.193.0/async/deferred.ts": "42790112f36a75a57db4a96d33974a936deb7b04d25c6084a9fa8a49f135def8",
    "https://deno.land/std@0.193.0/async/delay.ts": "73aa04cec034c84fc748c7be49bb15cac3dd43a57174bfdb7a4aec22c248f0dd",
    "https://deno.land/std@0.193.0/async/mod.ts": "f04344fa21738e5ad6bea37a6bfffd57c617c2d372bb9f9dcfd118a1b622e576",
    "https://deno.land/std@0.193.0/async/mux_async_iterator.ts": "70c7f2ee4e9466161350473ad61cac0b9f115cff4c552eaa7ef9d50c4cbb4cc9",
    "https://deno.land/std@0.193.0/async/pool.ts": "f1b8d3df4d7fd3c73f8cbc91cc2e8b8e950910f1eab94230b443944d7584c657",
    "https://deno.land/std@0.193.0/async/retry.ts": "b1ccf653954a4e52b3d9731e57d18b864e689a7462e78fb20440b11be9905080",
    "https://deno.land/std@0.193.0/async/tee.ts": "47e42d35f622650b02234d43803d0383a89eb4387e1b83b5a40106d18ae36757",
    "https://deno.land/std@0.193.0/fmt/colors.ts": "d67e3cd9f472535241a8e410d33423980bec45047e343577554d3356e1f0ef4e",
    "https://deno.land/std@0.193.0/http/server.ts": "1b23463b5b36e4eebc495417f6af47a6f7d52e3294827a1226d2a1aab23d9d20",
    "https://deno.land/std@0.193.0/testing/_diff.ts": "1a3c044aedf77647d6cac86b798c6417603361b66b54c53331b312caeb447aea",
    "https://deno.land/std@0.193.0/testing/_format.ts": "a69126e8a469009adf4cf2a50af889aca364c349797e63174884a52ff75cf4c7",
    "https://deno.land/std@0.193.0/testing/asserts.ts": "056d571baaefc7f13af3e29ad6a66d4dbe5355d3cb2ae130e7d2a1b1e01085e3",
    "https://raw.githubusercontent.com/sgohlke/deno-web/6.0.0/deps.ts": "1c46d9ad72cfd9528c63c655ddd2fa9fce2960161661dbc433a94ef5f5a1e9d8",
    "https://raw.githubusercontent.com/sgohlke/deno-web/6.0.0/request/extractAccessTokenFromAuthHeader.ts": "c98cb9067fb76e58c6b4b745badbee9761ab90fb2ecf8eac18299f83db9e583c",
    "https://raw.githubusercontent.com/sgohlke/deno-web/6.0.0/response/ResponseHeaders.ts": "fdddfe3f682247d504107c63ef4bd5179127210f97c5d1979ff876ee4cc28db2",
    "https://raw.githubusercontent.com/sgohlke/deno-web/6.0.0/response/responseFunctions.ts": "7811620ebf8791d5d97ce7096d4e6621ee1ea1b9844d84a756e7b31b0c74e4f6",
    "https://raw.githubusercontent.com/sgohlke/deno-web/6.0.0/server/serverFunctions.ts": "3fe637a230dc27508d3679e8b7d4df855152c05d4693ac7786bf9b8bfd8b7d40",
    "https://raw.githubusercontent.com/sgohlke/rpg-ts/v0.6.0/src/battle/Battle.ts": "fc6bd3818b6aeb7dc938c6c19b316c884623d0e1473a97f274893e66e83058a6",
    "https://raw.githubusercontent.com/sgohlke/rpg-ts/v0.6.0/src/battle/BattleStatus.ts": "f1e0c1ce294ea463ebda4027d9ec76d00df18c32acc6b6bbe5d60503d2329dbc",
    "https://raw.githubusercontent.com/sgohlke/rpg-ts/v0.6.0/src/crypto/CryptoHelper.ts": "3be74190d28f710591789a5e23321de233b77416ae112724ba7d6adca27fca48",
    "https://raw.githubusercontent.com/sgohlke/rpg-ts/v0.6.0/src/game/PlayerAgainstAIGame.ts": "51b7459ff973d2fa837d7ede0bd2b13e226a43d1da15746399af0704be7d3edc",
    "https://raw.githubusercontent.com/sgohlke/rpg-ts/v0.6.0/src/index.ts": "00c44cdf9a6feab1801d483ca6a35638b2e5afacac03a6aaf7a7582d922c795d",
    "https://raw.githubusercontent.com/sgohlke/rpg-ts/v0.6.0/src/player/CounterAttackFunction.ts": "8b9c5c6b21ab273730534b374beac8a9987aca0dfc8dec298f166bbd0cc3bc61",
    "https://raw.githubusercontent.com/sgohlke/rpg-ts/v0.6.0/src/player/CounterAttackUnits.ts": "10db9ad4ff5a04a8fe2bd9ba459941fc7fbcbe6782275b0d218dfe4aa5698e3e",
    "https://raw.githubusercontent.com/sgohlke/rpg-ts/v0.6.0/src/player/GamePlayer.ts": "1534d5fa89b337688ba23d394a4fadbcbf34f0f1a92c9fdd7c419971c6851028",
    "https://raw.githubusercontent.com/sgohlke/rpg-ts/v0.6.0/src/player/LoggedInPlayer.ts": "6ab543368ca2d64ce4334f82380f63b250c0a86f19cc517baabf52c26fe35849",
    "https://raw.githubusercontent.com/sgohlke/rpg-ts/v0.6.0/src/player/Player.ts": "2fbde71be97f113703b0dbd466a8770dcf878f11c9875e32313e83d7e19a9619",
    "https://raw.githubusercontent.com/sgohlke/rpg-ts/v0.6.0/src/player/PlayerAccount.ts": "5244a69f76e81b559815e348fdf0c79cce8fe1a3090863471ef42187b933b73c",
    "https://raw.githubusercontent.com/sgohlke/rpg-ts/v0.6.0/src/player/PlayerInBattle.ts": "ec7df34fbf7949bfa721b7fd70976905925e2c1484e50583a948efc9657fec02",
    "https://raw.githubusercontent.com/sgohlke/rpg-ts/v0.6.0/src/unit/InBattleStatus.ts": "d59092ad65312e6a5034ad4aa362c53cd153eb4dd868f39ece7183846c6912a1",
    "https://raw.githubusercontent.com/sgohlke/rpg-ts/v0.6.0/src/unit/Status.ts": "ddae17519d568b7232ca71219dae1be4718652e3bf966de6fe7881a543fab42c",
    "https://raw.githubusercontent.com/sgohlke/rpg-ts/v0.6.0/src/unit/Unit.ts": "39732430b6bf01e3cf22a15f061cd63c26f3e984509f16b11977f365449e99d4",
    "https://raw.githubusercontent.com/sgohlke/rpg-ts/v0.6.0/src/unit/UnitInBattle.ts": "b65c1bd6602e956ab0cdad925921c04db22bc20622948873f398294624f20ff1",
    "https://raw.githubusercontent.com/sgohlke/rpg-ts/v0.6.0/src/unit/db/DefaultUnits.ts": "71ad8bafef91745389b307fd2bf3b8258be9b2f11e70556a3b9dfd95d35158fb"
  }
}
